
Microsoft Visual Studio Solution File, Format Version 12.00
# Visual Studio Version 17
VisualStudioVersion = 17.8.34330.188
MinimumVisualStudioVersion = 10.0.40219.1
Project("{FAE04EC0-301F-11D3-BF4B-00C04F79EFBC}") = "BlazorAzureStaticApp", "BlazorAzureStaticApp\BlazorAzureStaticApp.csproj", "{06A01FE8-2790-4287-9C79-AAD40B146538}"
EndProject
Project("{FAE04EC0-301F-11D3-BF4B-00C04F79EFBC}") = "BlazorAzureStaticApp.Client", "BlazorAzureStaticApp.Client\BlazorAzureStaticApp.Client.csproj", "{BB426DA4-9582-4147-BF1B-1CD570AC5137}"
EndProject
Global
	GlobalSection(SolutionConfigurationPlatforms) = preSolution
		Debug|Any CPU = Debug|Any CPU
		Release|Any CPU = Release|Any CPU
	EndGlobalSection
	GlobalSection(ProjectConfigurationPlatforms) = postSolution
		{06A01FE8-2790-4287-9C79-AAD40B146538}.Debug|Any CPU.ActiveCfg = Debug|Any CPU
		{06A01FE8-2790-4287-9C79-AAD40B146538}.Debug|Any CPU.Build.0 = Debug|Any CPU
		{06A01FE8-2790-4287-9C79-AAD40B146538}.Release|Any CPU.ActiveCfg = Release|Any CPU
		{06A01FE8-2790-4287-9C79-AAD40B146538}.Release|Any CPU.Build.0 = Release|Any CPU
		{BB426DA4-9582-4147-BF1B-1CD570AC5137}.Debug|Any CPU.ActiveCfg = Debug|Any CPU
		{BB426DA4-9582-4147-BF1B-1CD570AC5137}.Debug|Any CPU.Build.0 = Debug|Any CPU
		{BB426DA4-9582-4147-BF1B-1CD570AC5137}.Release|Any CPU.ActiveCfg = Release|Any CPU
		{BB426DA4-9582-4147-BF1B-1CD570AC5137}.Release|Any CPU.Build.0 = Release|Any CPU
	EndGlobalSection
	GlobalSection(SolutionProperties) = preSolution
		HideSolutionNode = FALSE
	EndGlobalSection
	GlobalSection(ExtensibilityGlobals) = postSolution
		SolutionGuid = {1F562EEA-D73D-4842-ABF7-328AB2235C13}
	EndGlobalSection
EndGlobal
